
Microsoft Visual Studio Solution File, Format Version 12.00
# Visual Studio Version 16
VisualStudioVersion = 16.0.29509.3
MinimumVisualStudioVersion = 10.0.40219.1
Project("{FAE04EC0-301F-11D3-BF4B-00C04F79EFBC}") = "WebService", "WebService\WebService.csproj", "{D0011A5E-A9B2-4F79-BD5D-D4E93635E6D8}"
EndProject
Global
	GlobalSection(SolutionConfigurationPlatforms) = preSolution
		Debug|Any CPU = Debug|Any CPU
		Release|Any CPU = Release|Any CPU
	EndGlobalSection
	GlobalSection(ProjectConfigurationPlatforms) = postSolution
		{D0011A5E-A9B2-4F79-BD5D-D4E93635E6D8}.Debug|Any CPU.ActiveCfg = Debug|Any CPU
		{D0011A5E-A9B2-4F79-BD5D-D4E93635E6D8}.Debug|Any CPU.Build.0 = Debug|Any CPU
		{D0011A5E-A9B2-4F79-BD5D-D4E93635E6D8}.Release|Any CPU.ActiveCfg = Release|Any CPU
		{D0011A5E-A9B2-4F79-BD5D-D4E93635E6D8}.Release|Any CPU.Build.0 = Release|Any CPU
	EndGlobalSection
	GlobalSection(SolutionProperties) = preSolution
		HideSolutionNode = FALSE
	EndGlobalSection
	GlobalSection(ExtensibilityGlobals) = postSolution
		SolutionGuid = {30E59CAF-9D87-4B4D-837E-A7C3D2A7E481}
	EndGlobalSection
EndGlobal
